PODS:
  - GenericHttpClientLab6 (0.1.0)

DEPENDENCIES:
  - GenericHttpClientLab6 (from `../`)

EXTERNAL SOURCES:
  GenericHttpClientLab6:
    :path: "../"

SPEC CHECKSUMS:
  GenericHttpClientLab6: 36ebf2eddb37070d4b9aeabcd136cc2666763790

PODFILE CHECKSUM: f506385b3222fa83df5144578933a6fff88e273f

COCOAPODS: 1.10.1
